
Microsoft Visual Studio Solution File, Format Version 12.00
# Visual Studio Version 17
VisualStudioVersion = 17.0.32014.148
MinimumVisualStudioVersion = 10.0.40219.1
Project("{FAE04EC0-301F-11D3-BF4B-00C04F79EFBC}") = "CSharpLib", "CSharpLib\CSharpLib.csproj", "{C9631A18-64CF-4910-B38D-6D020424C813}"
EndProject
Global
	GlobalSection(SolutionConfigurationPlatforms) = preSolution
		Debug|Any CPU = Debug|Any CPU
		Release|Any CPU = Release|Any CPU
	EndGlobalSection
	GlobalSection(ProjectConfigurationPlatforms) = postSolution
		{C9631A18-64CF-4910-B38D-6D020424C813}.Debug|Any CPU.ActiveCfg = Debug|Any CPU
		{C9631A18-64CF-4910-B38D-6D020424C813}.Debug|Any CPU.Build.0 = Debug|Any CPU
		{C9631A18-64CF-4910-B38D-6D020424C813}.Release|Any CPU.ActiveCfg = Release|Any CPU
		{C9631A18-64CF-4910-B38D-6D020424C813}.Release|Any CPU.Build.0 = Release|Any CPU
	EndGlobalSection
	GlobalSection(SolutionProperties) = preSolution
		HideSolutionNode = FALSE
	EndGlobalSection
	GlobalSection(ExtensibilityGlobals) = postSolution
		SolutionGuid = {27A9063C-340C-4D1E-9314-32D624A34BB7}
	EndGlobalSection
EndGlobal
